// !$*UTF8*$!
{
	archiveVersion = 1;
	classes = {
	};
	objectVersion = 50;
	objects = {

/* Begin PBXBuildFile section */
		A15DA31425C2F76E00ED497D /* AppDelegate.swift in Sources */ = {isa = PBXBuildFile; fileRef = A15DA31325C2F76E00ED497D /* AppDelegate.swift */; };
		A15DA31625C2F76E00ED497D /* SceneDelegate.swift in Sources */ = {isa = PBXBuildFile; fileRef = A15DA31525C2F76E00ED497D /* SceneDelegate.swift */; };
		A15DA31B25C2F76E00ED497D /* Main.storyboard in Resources */ = {isa = PBXBuildFile; fileRef = A15DA31925C2F76E00ED497D /* Main.storyboard */; };
		A15DA31D25C2F77300ED497D /* Assets.xcassets in Resources */ = {isa = PBXBuildFile; fileRef = A15DA31C25C2F77300ED497D /* Assets.xcassets */; };
		A15DA32025C2F77300ED497D /* LaunchScreen.storyboard in Resources */ = {isa = PBXBuildFile; fileRef = A15DA31E25C2F77300ED497D /* LaunchScreen.storyboard */; };
		A15DA32825C2F8E400ED497D /* LoginViewController.swift in Sources */ = {isa = PBXBuildFile; fileRef = A15DA32725C2F8E400ED497D /* LoginViewController.swift */; };
		A15DA32A25C2F91A00ED497D /* HomeViewController.swift in Sources */ = {isa = PBXBuildFile; fileRef = A15DA32925C2F91A00ED497D /* HomeViewController.swift */; };
		A15DA32C25C2F93300ED497D /* ImageSelectViewController.swift in Sources */ = {isa = PBXBuildFile; fileRef = A15DA32B25C2F93300ED497D /* ImageSelectViewController.swift */; };
		A15DA32E25C2F94700ED497D /* PostViewController.swift in Sources */ = {isa = PBXBuildFile; fileRef = A15DA32D25C2F94700ED497D /* PostViewController.swift */; };
		A15DA33025C2F95B00ED497D /* SettingViewController.swift in Sources */ = {isa = PBXBuildFile; fileRef = A15DA32F25C2F95B00ED497D /* SettingViewController.swift */; };
		A16F522C25C55230005FBE42 /* TabBarController.swift in Sources */ = {isa = PBXBuildFile; fileRef = A16F522B25C55230005FBE42 /* TabBarController.swift */; };
		A16F523025C55905005FBE42 /* GoogleService-Info.plist in Resources */ = {isa = PBXBuildFile; fileRef = A16F522F25C55905005FBE42 /* GoogleService-Info.plist */; };
		BBAEA1218F17C9B49FE291E5 /* Pods_Instagram.framework in Frameworks */ = {isa = PBXBuildFile; fileRef = 1BD19BC984ABB12B9C405CF7 /* Pods_Instagram.framework */; };
/* End PBXBuildFile section */

/* Begin PBXFileReference section */
		1BD19BC984ABB12B9C405CF7 /* Pods_Instagram.framework */ = {isa = PBXFileReference; explicitFileType = wrapper.framework; includeInIndex = 0; path = Pods_Instagram.framework; sourceTree = BUILT_PRODUCTS_DIR; };
		4A13DCBC4D0AF83793399ACC /* Pods-Instagram.debug.xcconfig */ = {isa = PBXFileReference; includeInIndex = 1; lastKnownFileType = text.xcconfig; name = "Pods-Instagram.debug.xcconfig"; path = "Target Support Files/Pods-Instagram/Pods-Instagram.debug.xcconfig"; sourceTree = "<group>"; };
		913EFCF960FB9CDCAB7A6B1F /* Pods-Instagram.release.xcconfig */ = {isa = PBXFileReference; includeInIndex = 1; lastKnownFileType = text.xcconfig; name = "Pods-Instagram.release.xcconfig"; path = "Target Support Files/Pods-Instagram/Pods-Instagram.release.xcconfig"; sourceTree = "<group>"; };
		A15DA31025C2F76E00ED497D /* Instagram.app */ = {isa = PBXFileReference; explicitFileType = wrapper.application; includeInIndex = 0; path = Instagram.app; sourceTree = BUILT_PRODUCTS_DIR; };
		A15DA31325C2F76E00ED497D /* AppDelegate.swift */ = {isa = PBXFileReference; lastKnownFileType = sourcecode.swift; path = AppDelegate.swift; sourceTree = "<group>"; };
		A15DA31525C2F76E00ED497D /* SceneDelegate.swift */ = {isa = PBXFileReference; lastKnownFileType = sourcecode.swift; path = SceneDelegate.swift; sourceTree = "<group>"; };
		A15DA31A25C2F76E00ED497D /* Base */ = {isa = PBXFileReference; lastKnownFileType = file.storyboard; name = Base; path = Base.lproj/Main.storyboard; sourceTree = "<group>"; };
		A15DA31C25C2F77300ED497D /* Assets.xcassets */ = {isa = PBXFileReference; lastKnownFileType = folder.assetcatalog; path = Assets.xcassets; sourceTree = "<group>"; };
		A15DA31F25C2F77300ED497D /* Base */ = {isa = PBXFileReference; lastKnownFileType = file.storyboard; name = Base; path = Base.lproj/LaunchScreen.storyboard; sourceTree = "<group>"; };
		A15DA32125C2F77300ED497D /* Info.plist */ = {isa = PBXFileReference; lastKnownFileType = text.plist.xml; path = Info.plist; sourceTree = "<group>"; };
		A15DA32725C2F8E400ED497D /* LoginViewController.swift */ = {isa = PBXFileReference; lastKnownFileType = sourcecode.swift; path = LoginViewController.swift; sourceTree = "<group>"; };
		A15DA32925C2F91A00ED497D /* HomeViewController.swift */ = {isa = PBXFileReference; lastKnownFileType = sourcecode.swift; path = HomeViewController.swift; sourceTree = "<group>"; };
		A15DA32B25C2F93300ED497D /* ImageSelectViewController.swift */ = {isa = PBXFileReference; lastKnownFileType = sourcecode.swift; path = ImageSelectViewController.swift; sourceTree = "<group>"; };
		A15DA32D25C2F94700ED497D /* PostViewController.swift */ = {isa = PBXFileReference; lastKnownFileType = sourcecode.swift; path = PostViewController.swift; sourceTree = "<group>"; };
		A15DA32F25C2F95B00ED497D /* SettingViewController.swift */ = {isa = PBXFileReference; lastKnownFileType = sourcecode.swift; path = SettingViewController.swift; sourceTree = "<group>"; };
		A16F522B25C55230005FBE42 /* TabBarController.swift */ = {isa = PBXFileReference; lastKnownFileType = sourcecode.swift; path = TabBarController.swift; sourceTree = "<group>"; };
		A16F522F25C55905005FBE42 /* GoogleService-Info.plist */ = {isa = PBXFileReference; fileEncoding = 4; lastKnownFileType = text.plist.xml; path = "GoogleService-Info.plist"; sourceTree = "<group>"; };
/* End PBXFileReference section */

/* Begin PBXFrameworksBuildPhase section */
		A15DA30D25C2F76E00ED497D /* Frameworks */ = {
			isa = PBXFrameworksBuildPhase;
			buildActionMask = 2147483647;
			files = (
				BBAEA1218F17C9B49FE291E5 /* Pods_Instagram.framework in Frameworks */,
			);
			runOnlyForDeploymentPostprocessing = 0;
		};
/* End PBXFrameworksBuildPhase section */

/* Begin PBXGroup section */
		8235062E53AFE20208F96B1A /* Frameworks */ = {
			isa = PBXGroup;
			children = (
				1BD19BC984ABB12B9C405CF7 /* Pods_Instagram.framework */,
			);
			name = Frameworks;
			sourceTree = "<group>";
		};
		A15DA30725C2F76E00ED497D = {
			isa = PBXGroup;
			children = (
				A15DA31225C2F76E00ED497D /* Instagram */,
				A15DA31125C2F76E00ED497D /* Products */,
				E78EAF1BCA9DFBDD0C592718 /* Pods */,
				8235062E53AFE20208F96B1A /* Frameworks */,
			);
			sourceTree = "<group>";
		};
		A15DA31125C2F76E00ED497D /* Products */ = {
			isa = PBXGroup;
			children = (
				A15DA31025C2F76E00ED497D /* Instagram.app */,
			);
			name = Products;
			sourceTree = "<group>";
		};
		A15DA31225C2F76E00ED497D /* Instagram */ = {
			isa = PBXGroup;
			children = (
				A15DA31325C2F76E00ED497D /* AppDelegate.swift */,
				A15DA31525C2F76E00ED497D /* SceneDelegate.swift */,
				A15DA32925C2F91A00ED497D /* HomeViewController.swift */,
				A15DA32725C2F8E400ED497D /* LoginViewController.swift */,
				A16F522B25C55230005FBE42 /* TabBarController.swift */,
				A15DA32B25C2F93300ED497D /* ImageSelectViewController.swift */,
				A15DA31925C2F76E00ED497D /* Main.storyboard */,
				A15DA32D25C2F94700ED497D /* PostViewController.swift */,
				A15DA32F25C2F95B00ED497D /* SettingViewController.swift */,
				A15DA31C25C2F77300ED497D /* Assets.xcassets */,
				A15DA31E25C2F77300ED497D /* LaunchScreen.storyboard */,
				A16F522F25C55905005FBE42 /* GoogleService-Info.plist */,
				A15DA32125C2F77300ED497D /* Info.plist */,
			);
			path = Instagram;
			sourceTree = "<group>";
		};
		E78EAF1BCA9DFBDD0C592718 /* Pods */ = {
			isa = PBXGroup;
			children = (
				4A13DCBC4D0AF83793399ACC /* Pods-Instagram.debug.xcconfig */,
				913EFCF960FB9CDCAB7A6B1F /* Pods-Instagram.release.xcconfig */,
			);
			name = Pods;
			path = Pods;
			sourceTree = "<group>";
		};
/* End PBXGroup section */

/* Begin PBXNativeTarget section */
		A15DA30F25C2F76E00ED497D /* Instagram */ = {
			isa = PBXNativeTarget;
			buildConfigurationList = A15DA32425C2F77300ED497D /* Build configuration list for PBXNativeTarget "Instagram" */;
			buildPhases = (
				1EF8B19597339C992A1F4507 /* [CP] Check Pods Manifest.lock */,
				A15DA30C25C2F76E00ED497D /* Sources */,
				A15DA30D25C2F76E00ED497D /* Frameworks */,
				A15DA30E25C2F76E00ED497D /* Resources */,
				0462D6D12FC7F3344CEC189B /* [CP] Embed Pods Frameworks */,
			);
			buildRules = (
			);
			dependencies = (
			);
			name = Instagram;
			productName = Instagram;
			productReference = A15DA31025C2F76E00ED497D /* Instagram.app */;
			productType = "com.apple.product-type.application";
		};
/* End PBXNativeTarget section */

/* Begin PBXProject section */
		A15DA30825C2F76E00ED497D /* Project object */ = {
			isa = PBXProject;
			attributes = {
				LastSwiftUpdateCheck = 1150;
				LastUpgradeCheck = 1150;
				ORGANIZATIONNAME = yuuri.mori;
				TargetAttributes = {
					A15DA30F25C2F76E00ED497D = {
						CreatedOnToolsVersion = 11.5;
					};
				};
			};
			buildConfigurationList = A15DA30B25C2F76E00ED497D /* Build configuration list for PBXProject "Instagram" */;
			compatibilityVersion = "Xcode 9.3";
			developmentRegion = en;
			hasScannedForEncodings = 0;
			knownRegions = (
				en,
				Base,
			);
			mainGroup = A15DA30725C2F76E00ED497D;
			productRefGroup = A15DA31125C2F76E00ED497D /* Products */;
			projectDirPath = "";
			projectRoot = "";
			targets = (
				A15DA30F25C2F76E00ED497D /* Instagram */,
			);
		};
/* End PBXProject section */

/* Begin PBXResourcesBuildPhase section */
		A15DA30E25C2F76E00ED497D /* Resources */ = {
			isa = PBXResourcesBuildPhase;
			buildActionMask = 2147483647;
			files = (
				A15DA32025C2F77300ED497D /* LaunchScreen.storyboard in Resources */,
				A16F523025C55905005FBE42 /* GoogleService-Info.plist in Resources */,
				A15DA31D25C2F77300ED497D /* Assets.xcassets in Resources */,
				A15DA31B25C2F76E00ED497D /* Main.storyboard in Resources */,
			);
			runOnlyForDeploymentPostprocessing = 0;
		};
/* End PBXResourcesBuildPhase section */

/* Begin PBXShellScriptBuildPhase section */
		0462D6D12FC7F3344CEC189B /* [CP] Embed Pods Frameworks */ = {
			isa = PBXShellScriptBuildPhase;
			buildActionMask = 2147483647;
			files = (
			);
			inputFileListPaths = (
				"${PODS_ROOT}/Target Support Files/Pods-Instagram/Pods-Instagram-frameworks-${CONFIGURATION}-input-files.xcfilelist",
			);
			name = "[CP] Embed Pods Frameworks";
			outputFileListPaths = (
				"${PODS_ROOT}/Target Support Files/Pods-Instagram/Pods-Instagram-frameworks-${CONFIGURATION}-output-files.xcfilelist",
			);
			runOnlyForDeploymentPostprocessing = 0;
			shellPath = /bin/sh;
			shellScript = "\"${PODS_ROOT}/Target Support Files/Pods-Instagram/Pods-Instagram-frameworks.sh\"\n";
			showEnvVarsInLog = 0;
		};
		1EF8B19597339C992A1F4507 /* [CP] Check Pods Manifest.lock */ = {
			isa = PBXShellScriptBuildPhase;
			buildActionMask = 2147483647;
			files = (
			);
			inputFileListPaths = (
			);
			inputPaths = (
				"${PODS_PODFILE_DIR_PATH}/Podfile.lock",
				"${PODS_ROOT}/Manifest.lock",
			);
			name = "[CP] Check Pods Manifest.lock";
			outputFileListPaths = (
			);
			outputPaths = (
				"$(DERIVED_FILE_DIR)/Pods-Instagram-checkManifestLockResult.txt",
			);
			runOnlyForDeploymentPostprocessing = 0;
			shellPath = /bin/sh;
			shellScript = "diff \"${PODS_PODFILE_DIR_PATH}/Podfile.lock\" \"${PODS_ROOT}/Manifest.lock\" > /dev/null\nif [ $? != 0 ] ; then\n    # print error to STDERR\n    echo \"error: The sandbox is not in sync with the Podfile.lock. Run 'pod install' or update your CocoaPods installation.\" >&2\n    exit 1\nfi\n# This output is used by Xcode 'outputs' to avoid re-running this script phase.\necho \"SUCCESS\" > \"${SCRIPT_OUTPUT_FILE_0}\"\n";
			showEnvVarsInLog = 0;
		};
/* End PBXShellScriptBuildPhase section */

/* Begin PBXSourcesBuildPhase section */
		A15DA30C25C2F76E00ED497D /* Sources */ = {
			isa = PBXSourcesBuildPhase;
			buildActionMask = 2147483647;
			files = (
				A15DA32C25C2F93300ED497D /* ImageSelectViewController.swift in Sources */,
				A16F522C25C55230005FBE42 /* TabBarController.swift in Sources */,
				A15DA32A25C2F91A00ED497D /* HomeViewController.swift in Sources */,
				A15DA32E25C2F94700ED497D /* PostViewController.swift in Sources */,
				A15DA33025C2F95B00ED497D /* SettingViewController.swift in Sources */,
				A15DA32825C2F8E400ED497D /* LoginViewController.swift in Sources */,
				A15DA31425C2F76E00ED497D /* AppDelegate.swift in Sources */,
				A15DA31625C2F76E00ED497D /* SceneDelegate.swift in Sources */,
			);
			runOnlyForDeploymentPostprocessing = 0;
		};
/* End PBXSourcesBuildPhase section */

/* Begin PBXVariantGroup section */
		A15DA31925C2F76E00ED497D /* Main.storyboard */ = {
			isa = PBXVariantGroup;
			children = (
				A15DA31A25C2F76E00ED497D /* Base */,
			);
			name = Main.storyboard;
			sourceTree = "<group>";
		};
		A15DA31E25C2F77300ED497D /* LaunchScreen.storyboard */ = {
			isa = PBXVariantGroup;
			children = (
				A15DA31F25C2F77300ED497D /* Base */,
			);
			name = LaunchScreen.storyboard;
			sourceTree = "<group>";
		};
/* End PBXVariantGroup section */

/* Begin XCBuildConfiguration section */
		A15DA32225C2F77300ED497D /* Debug */ = {
			isa = XCBuildConfiguration;
			buildSettings = {
				ALWAYS_SEARCH_USER_PATHS = NO;
				CLANG_ANALYZER_NONNULL = YES;
				CLANG_ANALYZER_NUMBER_OBJECT_CONVERSION = YES_AGGRESSIVE;
				CLANG_CXX_LANGUAGE_STANDARD = "gnu++14";
				CLANG_CXX_LIBRARY = "libc++";
				CLANG_ENABLE_MODULES = YES;
				CLANG_ENABLE_OBJC_ARC = YES;
				CLANG_ENABLE_OBJC_WEAK = YES;
				CLANG_WARN_BLOCK_CAPTURE_AUTORELEASING = YES;
				CLANG_WARN_BOOL_CONVERSION = YES;
				CLANG_WARN_COMMA = YES;
				CLANG_WARN_CONSTANT_CONVERSION = YES;
				CLANG_WARN_DEPRECATED_OBJC_IMPLEMENTATIONS = YES;
				CLANG_WARN_DIRECT_OBJC_ISA_USAGE = YES_ERROR;
				CLANG_WARN_DOCUMENTATION_COMMENTS = YES;
				CLANG_WARN_EMPTY_BODY = YES;
				CLANG_WARN_ENUM_CONVERSION = YES;
				CLANG_WARN_INFINITE_RECURSION = YES;
				CLANG_WARN_INT_CONVERSION = YES;
				CLANG_WARN_NON_LITERAL_NULL_CONVERSION = YES;
				CLANG_WARN_OBJC_IMPLICIT_RETAIN_SELF = YES;
				CLANG_WARN_OBJC_LITERAL_CONVERSION = YES;
				CLANG_WARN_OBJC_ROOT_CLASS = YES_ERROR;
				CLANG_WARN_RANGE_LOOP_ANALYSIS = YES;
				CLANG_WARN_STRICT_PROTOTYPES = YES;
				CLANG_WARN_SUSPICIOUS_MOVE = YES;
				CLANG_WARN_UNGUARDED_AVAILABILITY = YES_AGGRESSIVE;
				CLANG_WARN_UNREACHABLE_CODE = YES;
				CLANG_WARN__DUPLICATE_METHOD_MATCH = YES;
				COPY_PHASE_STRIP = NO;
				DEBUG_INFORMATION_FORMAT = dwarf;
				ENABLE_STRICT_OBJC_MSGSEND = YES;
				ENABLE_TESTABILITY = YES;
				GCC_C_LANGUAGE_STANDARD = gnu11;
				GCC_DYNAMIC_NO_PIC = NO;
				GCC_NO_COMMON_BLOCKS = YES;
				GCC_OPTIMIZATION_LEVEL = 0;
				GCC_PREPROCESSOR_DEFINITIONS = (
					"DEBUG=1",
					"$(inherited)",
				);
				GCC_WARN_64_TO_32_BIT_CONVERSION = YES;
				GCC_WARN_ABOUT_RETURN_TYPE = YES_ERROR;
				GCC_WARN_UNDECLARED_SELECTOR = YES;
				GCC_WARN_UNINITIALIZED_AUTOS = YES_AGGRESSIVE;
				GCC_WARN_UNUSED_FUNCTION = YES;
				GCC_WARN_UNUSED_VARIABLE = YES;
				IPHONEOS_DEPLOYMENT_TARGET = 13.5;
				MTL_ENABLE_DEBUG_INFO = INCLUDE_SOURCE;
				MTL_FAST_MATH = YES;
				ONLY_ACTIVE_ARCH = YES;
				SDKROOT = iphoneos;
				SWIFT_ACTIVE_COMPILATION_CONDITIONS = DEBUG;
				SWIFT_OPTIMIZATION_LEVEL = "-Onone";
			};
			name = Debug;
		};
		A15DA32325C2F77300ED497D /* Release */ = {
			isa = XCBuildConfiguration;
			buildSettings = {
				ALWAYS_SEARCH_USER_PATHS = NO;
				CLANG_ANALYZER_NONNULL = YES;
				CLANG_ANALYZER_NUMBER_OBJECT_CONVERSION = YES_AGGRESSIVE;
				CLANG_CXX_LANGUAGE_STANDARD = "gnu++14";
				CLANG_CXX_LIBRARY = "libc++";
				CLANG_ENABLE_MODULES = YES;
				CLANG_ENABLE_OBJC_ARC = YES;
				CLANG_ENABLE_OBJC_WEAK = YES;
				CLANG_WARN_BLOCK_CAPTURE_AUTORELEASING = YES;
				CLANG_WARN_BOOL_CONVERSION = YES;
				CLANG_WARN_COMMA = YES;
				CLANG_WARN_CONSTANT_CONVERSION = YES;
				CLANG_WARN_DEPRECATED_OBJC_IMPLEMENTATIONS = YES;
				CLANG_WARN_DIRECT_OBJC_ISA_USAGE = YES_ERROR;
				CLANG_WARN_DOCUMENTATION_COMMENTS = YES;
				CLANG_WARN_EMPTY_BODY = YES;
				CLANG_WARN_ENUM_CONVERSION = YES;
				CLANG_WARN_INFINITE_RECURSION = YES;
				CLANG_WARN_INT_CONVERSION = YES;
				CLANG_WARN_NON_LITERAL_NULL_CONVERSION = YES;
				CLANG_WARN_OBJC_IMPLICIT_RETAIN_SELF = YES;
				CLANG_WARN_OBJC_LITERAL_CONVERSION = YES;
				CLANG_WARN_OBJC_ROOT_CLASS = YES_ERROR;
				CLANG_WARN_RANGE_LOOP_ANALYSIS = YES;
				CLANG_WARN_STRICT_PROTOTYPES = YES;
				CLANG_WARN_SUSPICIOUS_MOVE = YES;
				CLANG_WARN_UNGUARDED_AVAILABILITY = YES_AGGRESSIVE;
				CLANG_WARN_UNREACHABLE_CODE = YES;
				CLANG_WARN__DUPLICATE_METHOD_MATCH = YES;
				COPY_PHASE_STRIP = NO;
				DEBUG_INFORMATION_FORMAT = "dwarf-with-dsym";
				ENABLE_NS_ASSERTIONS = NO;
				ENABLE_STRICT_OBJC_MSGSEND = YES;
				GCC_C_LANGUAGE_STANDARD = gnu11;
				GCC_NO_COMMON_BLOCKS = YES;
				GCC_WARN_64_TO_32_BIT_CONVERSION = YES;
				GCC_WARN_ABOUT_RETURN_TYPE = YES_ERROR;
				GCC_WARN_UNDECLARED_SELECTOR = YES;
				GCC_WARN_UNINITIALIZED_AUTOS = YES_AGGRESSIVE;
				GCC_WARN_UNUSED_FUNCTION = YES;
				GCC_WARN_UNUSED_VARIABLE = YES;
				IPHONEOS_DEPLOYMENT_TARGET = 13.5;
				MTL_ENABLE_DEBUG_INFO = NO;
				MTL_FAST_MATH = YES;
				SDKROOT = iphoneos;
				SWIFT_COMPILATION_MODE = wholemodule;
				SWIFT_OPTIMIZATION_LEVEL = "-O";
				VALIDATE_PRODUCT = YES;
			};
			name = Release;
		};
		A15DA32525C2F77300ED497D /* Debug */ = {
			isa = XCBuildConfiguration;
			baseConfigurationReference = 4A13DCBC4D0AF83793399ACC /* Pods-Instagram.debug.xcconfig */;
			buildSettings = {
				ASSETCATALOG_COMPILER_APPICON_NAME = AppIcon;
				CODE_SIGN_STYLE = Automatic;
				INFOPLIST_FILE = Instagram/Info.plist;
				LD_RUNPATH_SEARCH_PATHS = (
					"$(inherited)",
					"@executable_path/Frameworks",
				);
				PRODUCT_BUNDLE_IDENTIFIER = jp.techacademy.yuuri.mori.Instagram;
				PRODUCT_NAME = "$(TARGET_NAME)";
				SWIFT_VERSION = 5.0;
				TARGETED_DEVICE_FAMILY = 1;
			};
			name = Debug;
		};
		A15DA32625C2F77300ED497D /* Release */ = {
			isa = XCBuildConfiguration;
			baseConfigurationReference = 913EFCF960FB9CDCAB7A6B1F /* Pods-Instagram.release.xcconfig */;
			buildSettings = {
				ASSETCATALOG_COMPILER_APPICON_NAME = AppIcon;
				CODE_SIGN_STYLE = Automatic;
				INFOPLIST_FILE = Instagram/Info.plist;
				LD_RUNPATH_SEARCH_PATHS = (
					"$(inherited)",
					"@executable_path/Frameworks",
				);
				PRODUCT_BUNDLE_IDENTIFIER = jp.techacademy.yuuri.mori.Instagram;
				PRODUCT_NAME = "$(TARGET_NAME)";
				SWIFT_VERSION = 5.0;
				TARGETED_DEVICE_FAMILY = 1;
			};
			name = Release;
		};
/* End XCBuildConfiguration section */

/* Begin XCConfigurationList section */
		A15DA30B25C2F76E00ED497D /* Build configuration list for PBXProject "Instagram" */ = {
			isa = XCConfigurationList;
			buildConfigurations = (
				A15DA32225C2F77300ED497D /* Debug */,
				A15DA32325C2F77300ED497D /* Release */,
			);
			defaultConfigurationIsVisible = 0;
			defaultConfigurationName = Release;
		};
		A15DA32425C2F77300ED497D /* Build configuration list for PBXNativeTarget "Instagram" */ = {
			isa = XCConfigurationList;
			buildConfigurations = (
				A15DA32525C2F77300ED497D /* Debug */,
				A15DA32625C2F77300ED497D /* Release */,
			);
			defaultConfigurationIsVisible = 0;
			defaultConfigurationName = Release;
		};
/* End XCConfigurationList section */
	};
	rootObject = A15DA30825C2F76E00ED497D /* Project object */;
}
